
Microsoft Visual Studio Solution File, Format Version 12.00
# Visual Studio Version 16
VisualStudioVersion = 16.0.29311.281
MinimumVisualStudioVersion = 10.0.40219.1
Project("{FAE04EC0-301F-11D3-BF4B-00C04F79EFBC}") = "GunGame", "GunGame.csproj", "{225AA747-57A6-4658-AAA2-ECB94C8C1918}"
EndProject
Project("{FAE04EC0-301F-11D3-BF4B-00C04F79EFBC}") = "GunGameTest", "..\GunGameTest\GunGameTest.csproj", "{E1E4FBCF-058A-4D90-96A2-9371FB961660}"
EndProject
Global
	GlobalSection(SolutionConfigurationPlatforms) = preSolution
		Debug|Any CPU = Debug|Any CPU
		Release|Any CPU = Release|Any CPU
	EndGlobalSection
	GlobalSection(ProjectConfigurationPlatforms) = postSolution
		{225AA747-57A6-4658-AAA2-ECB94C8C1918}.Debug|Any CPU.ActiveCfg = Debug|Any CPU
		{225AA747-57A6-4658-AAA2-ECB94C8C1918}.Debug|Any CPU.Build.0 = Debug|Any CPU
		{225AA747-57A6-4658-AAA2-ECB94C8C1918}.Release|Any CPU.ActiveCfg = Release|Any CPU
		{225AA747-57A6-4658-AAA2-ECB94C8C1918}.Release|Any CPU.Build.0 = Release|Any CPU
		{E1E4FBCF-058A-4D90-96A2-9371FB961660}.Debug|Any CPU.ActiveCfg = Debug|Any CPU
		{E1E4FBCF-058A-4D90-96A2-9371FB961660}.Debug|Any CPU.Build.0 = Debug|Any CPU
		{E1E4FBCF-058A-4D90-96A2-9371FB961660}.Release|Any CPU.ActiveCfg = Release|Any CPU
		{E1E4FBCF-058A-4D90-96A2-9371FB961660}.Release|Any CPU.Build.0 = Release|Any CPU
	EndGlobalSection
	GlobalSection(SolutionProperties) = preSolution
		HideSolutionNode = FALSE
	EndGlobalSection
	GlobalSection(ExtensibilityGlobals) = postSolution
		SolutionGuid = {7F8F11BD-03A1-4F30-9D79-E4B89D022F43}
	EndGlobalSection
EndGlobal
